
Microsoft Visual Studio Solution File, Format Version 12.00
# Visual Studio Version 16
VisualStudioVersion = 16.0.30011.22
MinimumVisualStudioVersion = 10.0.40219.1
Project("{FAE04EC0-301F-11D3-BF4B-00C04F79EFBC}") = "FourthLabNumberOne", "FourthLabNumberOne\FourthLabNumberOne.csproj", "{057BCFCE-22CA-4369-B308-FD04F21BC3AB}"
EndProject
Global
	GlobalSection(SolutionConfigurationPlatforms) = preSolution
		Debug|Any CPU = Debug|Any CPU
		Release|Any CPU = Release|Any CPU
	EndGlobalSection
	GlobalSection(ProjectConfigurationPlatforms) = postSolution
		{057BCFCE-22CA-4369-B308-FD04F21BC3AB}.Debug|Any CPU.ActiveCfg = Debug|Any CPU
		{057BCFCE-22CA-4369-B308-FD04F21BC3AB}.Debug|Any CPU.Build.0 = Debug|Any CPU
		{057BCFCE-22CA-4369-B308-FD04F21BC3AB}.Release|Any CPU.ActiveCfg = Release|Any CPU
		{057BCFCE-22CA-4369-B308-FD04F21BC3AB}.Release|Any CPU.Build.0 = Release|Any CPU
	EndGlobalSection
	GlobalSection(SolutionProperties) = preSolution
		HideSolutionNode = FALSE
	EndGlobalSection
	GlobalSection(ExtensibilityGlobals) = postSolution
		SolutionGuid = {281ABCFC-FC6D-40C2-884D-76F0FF14BA60}
	EndGlobalSection
EndGlobal
