
Microsoft Visual Studio Solution File, Format Version 12.00
# Visual Studio Version 16
VisualStudioVersion = 16.0.31005.135
MinimumVisualStudioVersion = 10.0.40219.1
Project("{FAE04EC0-301F-11D3-BF4B-00C04F79EFBC}") = "Game15", "Game15\Game15.csproj", "{55BED4AC-8456-40F2-A6D5-1C02A1E2BCEC}"
EndProject
Global
	GlobalSection(SolutionConfigurationPlatforms) = preSolution
		Debug|Any CPU = Debug|Any CPU
		Release|Any CPU = Release|Any CPU
	EndGlobalSection
	GlobalSection(ProjectConfigurationPlatforms) = postSolution
		{55BED4AC-8456-40F2-A6D5-1C02A1E2BCEC}.Debug|Any CPU.ActiveCfg = Debug|Any CPU
		{55BED4AC-8456-40F2-A6D5-1C02A1E2BCEC}.Debug|Any CPU.Build.0 = Debug|Any CPU
		{55BED4AC-8456-40F2-A6D5-1C02A1E2BCEC}.Release|Any CPU.ActiveCfg = Release|Any CPU
		{55BED4AC-8456-40F2-A6D5-1C02A1E2BCEC}.Release|Any CPU.Build.0 = Release|Any CPU
	EndGlobalSection
	GlobalSection(SolutionProperties) = preSolution
		HideSolutionNode = FALSE
	EndGlobalSection
	GlobalSection(ExtensibilityGlobals) = postSolution
		SolutionGuid = {B40C3D8F-4D8C-4104-9705-D919FDA86502}
	EndGlobalSection
EndGlobal
